
Microsoft Visual Studio Solution File, Format Version 12.00
# Visual Studio Version 17
VisualStudioVersion = 17.11.35303.130
MinimumVisualStudioVersion = 10.0.40219.1
Project("{F184B08F-C81C-45F6-A57F-5ABD9991F28F}") = "HelloWorld", "HelloWorld\HelloWorld.vbproj", "{3BF0A01B-FE15-4978-9E3B-10643CC94E22}"
EndProject
Global
	GlobalSection(SolutionConfigurationPlatforms) = preSolution
		Debug|Any CPU = Debug|Any CPU
		Release|Any CPU = Release|Any CPU
	EndGlobalSection
	GlobalSection(ProjectConfigurationPlatforms) = postSolution
		{3BF0A01B-FE15-4978-9E3B-10643CC94E22}.Debug|Any CPU.ActiveCfg = Debug|Any CPU
		{3BF0A01B-FE15-4978-9E3B-10643CC94E22}.Debug|Any CPU.Build.0 = Debug|Any CPU
		{3BF0A01B-FE15-4978-9E3B-10643CC94E22}.Release|Any CPU.ActiveCfg = Release|Any CPU
		{3BF0A01B-FE15-4978-9E3B-10643CC94E22}.Release|Any CPU.Build.0 = Release|Any CPU
	EndGlobalSection
	GlobalSection(SolutionProperties) = preSolution
		HideSolutionNode = FALSE
	EndGlobalSection
	GlobalSection(ExtensibilityGlobals) = postSolution
		SolutionGuid = {BCA40944-3EF0-4D02-BDC4-B3EC3939902D}
	EndGlobalSection
EndGlobal
